
Microsoft Visual Studio Solution File, Format Version 12.00
Project("{FAE04EC0-301F-11D3-BF4B-00C04F79EFBC}") = "Localstack.Utils.Domain", "Localstack.Utils.Domain\Localstack.Utils.Domain.csproj", "{F907ADE0-7FFE-4864-8A95-B8F0F6D7DC85}"
EndProject
Project("{FAE04EC0-301F-11D3-BF4B-00C04F79EFBC}") = "Localstack.Utils.UI", "Localstack.Utils.UI\Localstack.Utils.UI.csproj", "{1EDED2E3-D954-46B4-8193-EC162C577214}"
EndProject
Global
	GlobalSection(SolutionConfigurationPlatforms) = preSolution
		Debug|Any CPU = Debug|Any CPU
		Release|Any CPU = Release|Any CPU
	EndGlobalSection
	GlobalSection(ProjectConfigurationPlatforms) = postSolution
		{F907ADE0-7FFE-4864-8A95-B8F0F6D7DC85}.Debug|Any CPU.ActiveCfg = Debug|Any CPU
		{F907ADE0-7FFE-4864-8A95-B8F0F6D7DC85}.Debug|Any CPU.Build.0 = Debug|Any CPU
		{F907ADE0-7FFE-4864-8A95-B8F0F6D7DC85}.Release|Any CPU.ActiveCfg = Release|Any CPU
		{F907ADE0-7FFE-4864-8A95-B8F0F6D7DC85}.Release|Any CPU.Build.0 = Release|Any CPU
		{1EDED2E3-D954-46B4-8193-EC162C577214}.Debug|Any CPU.ActiveCfg = Debug|Any CPU
		{1EDED2E3-D954-46B4-8193-EC162C577214}.Debug|Any CPU.Build.0 = Debug|Any CPU
		{1EDED2E3-D954-46B4-8193-EC162C577214}.Release|Any CPU.ActiveCfg = Release|Any CPU
		{1EDED2E3-D954-46B4-8193-EC162C577214}.Release|Any CPU.Build.0 = Release|Any CPU
	EndGlobalSection
EndGlobal
